
Microsoft Visual Studio Solution File, Format Version 12.00
# Visual Studio 2012
Project("{FAE04EC0-301F-11D3-BF4B-00C04F79EFBC}") = "chaosweb-utils", "chaosweb-utils\chaosweb-utils.csproj", "{053A3CB0-5B60-40C4-918C-3F1C8C834954}"
EndProject
Global
	GlobalSection(SolutionConfigurationPlatforms) = preSolution
		Debug|Any CPU = Debug|Any CPU
		Release|Any CPU = Release|Any CPU
	EndGlobalSection
	GlobalSection(ProjectConfigurationPlatforms) = postSolution
		{053A3CB0-5B60-40C4-918C-3F1C8C834954}.Debug|Any CPU.ActiveCfg = Debug|Any CPU
		{053A3CB0-5B60-40C4-918C-3F1C8C834954}.Debug|Any CPU.Build.0 = Debug|Any CPU
		{053A3CB0-5B60-40C4-918C-3F1C8C834954}.Release|Any CPU.ActiveCfg = Release|Any CPU
		{053A3CB0-5B60-40C4-918C-3F1C8C834954}.Release|Any CPU.Build.0 = Release|Any CPU
	EndGlobalSection
EndGlobal
